// !$*UTF8*$!
{
	archiveVersion = 1;
	classes = {
	};
	objectVersion = 46;
	objects = {

/* Begin PBXBuildFile section */
		1930242A1EA037BC00D8F856 /* AppDelegate.swift in Sources */ = {isa = PBXBuildFile; fileRef = 193024291EA037BC00D8F856 /* AppDelegate.swift */; };
		1930242C1EA037BC00D8F856 /* ViewController.swift in Sources */ = {isa = PBXBuildFile; fileRef = 1930242B1EA037BC00D8F856 /* ViewController.swift */; };
		1930242F1EA037BC00D8F856 /* Main.storyboard in Resources */ = {isa = PBXBuildFile; fileRef = 1930242D1EA037BC00D8F856 /* Main.storyboard */; };
		193024321EA037BC00D8F856 /* Pokemon_Go_Clone.xcdatamodeld in Sources */ = {isa = PBXBuildFile; fileRef = 193024301EA037BC00D8F856 /* Pokemon_Go_Clone.xcdatamodeld */; };
		193024341EA037BC00D8F856 /* Assets.xcassets in Resources */ = {isa = PBXBuildFile; fileRef = 193024331EA037BC00D8F856 /* Assets.xcassets */; };
		193024371EA037BC00D8F856 /* LaunchScreen.storyboard in Resources */ = {isa = PBXBuildFile; fileRef = 193024351EA037BC00D8F856 /* LaunchScreen.storyboard */; };
		193024401EA038C700D8F856 /* MapKit.framework in Frameworks */ = {isa = PBXBuildFile; fileRef = 1930243F1EA038C700D8F856 /* MapKit.framework */; };
		19FBBE4E1EA2D175004E5D79 /* PokedexViewController.swift in Sources */ = {isa = PBXBuildFile; fileRef = 19FBBE4D1EA2D175004E5D79 /* PokedexViewController.swift */; };
/* End PBXBuildFile section */

/* Begin PBXFileReference section */
		193024261EA037BC00D8F856 /* Pokemon Go Clone.app */ = {isa = PBXFileReference; explicitFileType = wrapper.application; includeInIndex = 0; path = "Pokemon Go Clone.app"; sourceTree = BUILT_PRODUCTS_DIR; };
		193024291EA037BC00D8F856 /* AppDelegate.swift */ = {isa = PBXFileReference; lastKnownFileType = sourcecode.swift; path = AppDelegate.swift; sourceTree = "<group>"; };
		1930242B1EA037BC00D8F856 /* ViewController.swift */ = {isa = PBXFileReference; lastKnownFileType = sourcecode.swift; path = ViewController.swift; sourceTree = "<group>"; };
		1930242E1EA037BC00D8F856 /* Base */ = {isa = PBXFileReference; lastKnownFileType = file.storyboard; name = Base; path = Base.lproj/Main.storyboard; sourceTree = "<group>"; };
		193024311EA037BC00D8F856 /* Pokemon_Go_Clone.xcdatamodel */ = {isa = PBXFileReference; lastKnownFileType = wrapper.xcdatamodel; path = Pokemon_Go_Clone.xcdatamodel; sourceTree = "<group>"; };
		193024331EA037BC00D8F856 /* Assets.xcassets */ = {isa = PBXFileReference; lastKnownFileType = folder.assetcatalog; path = Assets.xcassets; sourceTree = "<group>"; };
		193024361EA037BC00D8F856 /* Base */ = {isa = PBXFileReference; lastKnownFileType = file.storyboard; name = Base; path = Base.lproj/LaunchScreen.storyboard; sourceTree = "<group>"; };
		193024381EA037BC00D8F856 /* Info.plist */ = {isa = PBXFileReference; lastKnownFileType = text.plist.xml; path = Info.plist; sourceTree = "<group>"; };
		1930243F1EA038C700D8F856 /* MapKit.framework */ = {isa = PBXFileReference; lastKnownFileType = wrapper.framework; name = MapKit.framework; path = System/Library/Frameworks/MapKit.framework; sourceTree = SDKROOT; };
		19FBBE4D1EA2D175004E5D79 /* PokedexViewController.swift */ = {isa = PBXFileReference; fileEncoding = 4; lastKnownFileType = sourcecode.swift; path = PokedexViewController.swift; sourceTree = "<group>"; };
/* End PBXFileReference section */

/* Begin PBXFrameworksBuildPhase section */
		193024231EA037BC00D8F856 /* Frameworks */ = {
			isa = PBXFrameworksBuildPhase;
			buildActionMask = 2147483647;
			files = (
				193024401EA038C700D8F856 /* MapKit.framework in Frameworks */,
			);
			runOnlyForDeploymentPostprocessing = 0;
		};
/* End PBXFrameworksBuildPhase section */

/* Begin PBXGroup section */
		1930241D1EA037BC00D8F856 = {
			isa = PBXGroup;
			children = (
				193024281EA037BC00D8F856 /* Pokemon Go Clone */,
				193024271EA037BC00D8F856 /* Products */,
				1930243E1EA038C600D8F856 /* Frameworks */,
			);
			sourceTree = "<group>";
		};
		193024271EA037BC00D8F856 /* Products */ = {
			isa = PBXGroup;
			children = (
				193024261EA037BC00D8F856 /* Pokemon Go Clone.app */,
			);
			name = Products;
			sourceTree = "<group>";
		};
		193024281EA037BC00D8F856 /* Pokemon Go Clone */ = {
			isa = PBXGroup;
			children = (
				193024291EA037BC00D8F856 /* AppDelegate.swift */,
				1930242B1EA037BC00D8F856 /* ViewController.swift */,
				19FBBE4D1EA2D175004E5D79 /* PokedexViewController.swift */,
				1930242D1EA037BC00D8F856 /* Main.storyboard */,
				193024331EA037BC00D8F856 /* Assets.xcassets */,
				193024351EA037BC00D8F856 /* LaunchScreen.storyboard */,
				193024381EA037BC00D8F856 /* Info.plist */,
				193024301EA037BC00D8F856 /* Pokemon_Go_Clone.xcdatamodeld */,
			);
			path = "Pokemon Go Clone";
			sourceTree = "<group>";
		};
		1930243E1EA038C600D8F856 /* Frameworks */ = {
			isa = PBXGroup;
			children = (
				1930243F1EA038C700D8F856 /* MapKit.framework */,
			);
			name = Frameworks;
			sourceTree = "<group>";
		};
/* End PBXGroup section */

/* Begin PBXNativeTarget section */
		193024251EA037BC00D8F856 /* Pokemon Go Clone */ = {
			isa = PBXNativeTarget;
			buildConfigurationList = 1930243B1EA037BC00D8F856 /* Build configuration list for PBXNativeTarget "Pokemon Go Clone" */;
			buildPhases = (
				193024221EA037BC00D8F856 /* Sources */,
				193024231EA037BC00D8F856 /* Frameworks */,
				193024241EA037BC00D8F856 /* Resources */,
			);
			buildRules = (
			);
			dependencies = (
			);
			name = "Pokemon Go Clone";
			productName = "Pokemon Go Clone";
			productReference = 193024261EA037BC00D8F856 /* Pokemon Go Clone.app */;
			productType = "com.apple.product-type.application";
		};
/* End PBXNativeTarget section */

/* Begin PBXProject section */
		1930241E1EA037BC00D8F856 /* Project object */ = {
			isa = PBXProject;
			attributes = {
				LastSwiftUpdateCheck = 0830;
				LastUpgradeCheck = 0830;
				ORGANIZATIONNAME = "John Crisostomo";
				TargetAttributes = {
					193024251EA037BC00D8F856 = {
						CreatedOnToolsVersion = 8.3.1;
						DevelopmentTeam = W2J2UJ2R9S;
						ProvisioningStyle = Automatic;
					};
				};
			};
			buildConfigurationList = 193024211EA037BC00D8F856 /* Build configuration list for PBXProject "Pokemon Go Clone" */;
			compatibilityVersion = "Xcode 3.2";
			developmentRegion = English;
			hasScannedForEncodings = 0;
			knownRegions = (
				en,
				Base,
			);
			mainGroup = 1930241D1EA037BC00D8F856;
			productRefGroup = 193024271EA037BC00D8F856 /* Products */;
			projectDirPath = "";
			projectRoot = "";
			targets = (
				193024251EA037BC00D8F856 /* Pokemon Go Clone */,
			);
		};
/* End PBXProject section */

/* Begin PBXResourcesBuildPhase section */
		193024241EA037BC00D8F856 /* Resources */ = {
			isa = PBXResourcesBuildPhase;
			buildActionMask = 2147483647;
			files = (
				193024371EA037BC00D8F856 /* LaunchScreen.storyboard in Resources */,
				193024341EA037BC00D8F856 /* Assets.xcassets in Resources */,
				1930242F1EA037BC00D8F856 /* Main.storyboard in Resources */,
			);
			runOnlyForDeploymentPostprocessing = 0;
		};
/* End PBXResourcesBuildPhase section */

/* Begin PBXSourcesBuildPhase section */
		193024221EA037BC00D8F856 /* Sources */ = {
			isa = PBXSourcesBuildPhase;
			buildActionMask = 2147483647;
			files = (
				1930242C1EA037BC00D8F856 /* ViewController.swift in Sources */,
				19FBBE4E1EA2D175004E5D79 /* PokedexViewController.swift in Sources */,
				193024321EA037BC00D8F856 /* Pokemon_Go_Clone.xcdatamodeld in Sources */,
				1930242A1EA037BC00D8F856 /* AppDelegate.swift in Sources */,
			);
			runOnlyForDeploymentPostprocessing = 0;
		};
/* End PBXSourcesBuildPhase section */

/* Begin PBXVariantGroup section */
		1930242D1EA037BC00D8F856 /* Main.storyboard */ = {
			isa = PBXVariantGroup;
			children = (
				1930242E1EA037BC00D8F856 /* Base */,
			);
			name = Main.storyboard;
			sourceTree = "<group>";
		};
		193024351EA037BC00D8F856 /* LaunchScreen.storyboard */ = {
			isa = PBXVariantGroup;
			children = (
				193024361EA037BC00D8F856 /* Base */,
			);
			name = LaunchScreen.storyboard;
			sourceTree = "<group>";
		};
/* End PBXVariantGroup section */

/* Begin XCBuildConfiguration section */
		193024391EA037BC00D8F856 /* Debug */ = {
			isa = XCBuildConfiguration;
			buildSettings = {
				ALWAYS_SEARCH_USER_PATHS = NO;
				CLANG_ANALYZER_NONNULL = YES;
				CLANG_ANALYZER_NUMBER_OBJECT_CONVERSION = YES_AGGRESSIVE;
				CLANG_CXX_LANGUAGE_STANDARD = "gnu++0x";
				CLANG_CXX_LIBRARY = "libc++";
				CLANG_ENABLE_MODULES = YES;
				CLANG_ENABLE_OBJC_ARC = YES;
				CLANG_WARN_BOOL_CONVERSION = YES;
				CLANG_WARN_CONSTANT_CONVERSION = YES;
				CLANG_WARN_DIRECT_OBJC_ISA_USAGE = YES_ERROR;
				CLANG_WARN_DOCUMENTATION_COMMENTS = YES;
				CLANG_WARN_EMPTY_BODY = YES;
				CLANG_WARN_ENUM_CONVERSION = YES;
				CLANG_WARN_INFINITE_RECURSION = YES;
				CLANG_WARN_INT_CONVERSION = YES;
				CLANG_WARN_OBJC_ROOT_CLASS = YES_ERROR;
				CLANG_WARN_SUSPICIOUS_MOVE = YES;
				CLANG_WARN_UNREACHABLE_CODE = YES;
				CLANG_WARN__DUPLICATE_METHOD_MATCH = YES;
				"CODE_SIGN_IDENTITY[sdk=iphoneos*]" = "iPhone Developer";
				COPY_PHASE_STRIP = NO;
				DEBUG_INFORMATION_FORMAT = dwarf;
				ENABLE_STRICT_OBJC_MSGSEND = YES;
				ENABLE_TESTABILITY = YES;
				GCC_C_LANGUAGE_STANDARD = gnu99;
				GCC_DYNAMIC_NO_PIC = NO;
				GCC_NO_COMMON_BLOCKS = YES;
				GCC_OPTIMIZATION_LEVEL = 0;
				GCC_PREPROCESSOR_DEFINITIONS = (
					"DEBUG=1",
					"$(inherited)",
				);
				GCC_WARN_64_TO_32_BIT_CONVERSION = YES;
				GCC_WARN_ABOUT_RETURN_TYPE = YES_ERROR;
				GCC_WARN_UNDECLARED_SELECTOR = YES;
				GCC_WARN_UNINITIALIZED_AUTOS = YES_AGGRESSIVE;
				GCC_WARN_UNUSED_FUNCTION = YES;
				GCC_WARN_UNUSED_VARIABLE = YES;
				IPHONEOS_DEPLOYMENT_TARGET = 10.3;
				MTL_ENABLE_DEBUG_INFO = YES;
				ONLY_ACTIVE_ARCH = YES;
				SDKROOT = iphoneos;
				SWIFT_ACTIVE_COMPILATION_CONDITIONS = DEBUG;
				SWIFT_OPTIMIZATION_LEVEL = "-Onone";
			};
			name = Debug;
		};
		1930243A1EA037BC00D8F856 /* Release */ = {
			isa = XCBuildConfiguration;
			buildSettings = {
				ALWAYS_SEARCH_USER_PATHS = NO;
				CLANG_ANALYZER_NONNULL = YES;
				CLANG_ANALYZER_NUMBER_OBJECT_CONVERSION = YES_AGGRESSIVE;
				CLANG_CXX_LANGUAGE_STANDARD = "gnu++0x";
				CLANG_CXX_LIBRARY = "libc++";
				CLANG_ENABLE_MODULES = YES;
				CLANG_ENABLE_OBJC_ARC = YES;
				CLANG_WARN_BOOL_CONVERSION = YES;
				CLANG_WARN_CONSTANT_CONVERSION = YES;
				CLANG_WARN_DIRECT_OBJC_ISA_USAGE = YES_ERROR;
				CLANG_WARN_DOCUMENTATION_COMMENTS = YES;
				CLANG_WARN_EMPTY_BODY = YES;
				CLANG_WARN_ENUM_CONVERSION = YES;
				CLANG_WARN_INFINITE_RECURSION = YES;
				CLANG_WARN_INT_CONVERSION = YES;
				CLANG_WARN_OBJC_ROOT_CLASS = YES_ERROR;
				CLANG_WARN_SUSPICIOUS_MOVE = YES;
				CLANG_WARN_UNREACHABLE_CODE = YES;
				CLANG_WARN__DUPLICATE_METHOD_MATCH = YES;
				"CODE_SIGN_IDENTITY[sdk=iphoneos*]" = "iPhone Developer";
				COPY_PHASE_STRIP = NO;
				DEBUG_INFORMATION_FORMAT = "dwarf-with-dsym";
				ENABLE_NS_ASSERTIONS = NO;
				ENABLE_STRICT_OBJC_MSGSEND = YES;
				GCC_C_LANGUAGE_STANDARD = gnu99;
				GCC_NO_COMMON_BLOCKS = YES;
				GCC_WARN_64_TO_32_BIT_CONVERSION = YES;
				GCC_WARN_ABOUT_RETURN_TYPE = YES_ERROR;
				GCC_WARN_UNDECLARED_SELECTOR = YES;
				GCC_WARN_UNINITIALIZED_AUTOS = YES_AGGRESSIVE;
				GCC_WARN_UNUSED_FUNCTION = YES;
				GCC_WARN_UNUSED_VARIABLE = YES;
				IPHONEOS_DEPLOYMENT_TARGET = 10.3;
				MTL_ENABLE_DEBUG_INFO = NO;
				SDKROOT = iphoneos;
				SWIFT_OPTIMIZATION_LEVEL = "-Owholemodule";
				VALIDATE_PRODUCT = YES;
			};
			name = Release;
		};
		1930243C1EA037BC00D8F856 /* Debug */ = {
			isa = XCBuildConfiguration;
			buildSettings = {
				ASSETCATALOG_COMPILER_APPICON_NAME = AppIcon;
				DEVELOPMENT_TEAM = W2J2UJ2R9S;
				INFOPLIST_FILE = "Pokemon Go Clone/Info.plist";
				LD_RUNPATH_SEARCH_PATHS = "$(inherited) @executable_path/Frameworks";
				PRODUCT_BUNDLE_IDENTIFIER = "com.johncrisostomo.Pokemon-Go-Clone";
				PRODUCT_NAME = "$(TARGET_NAME)";
				SWIFT_VERSION = 3.0;
			};
			name = Debug;
		};
		1930243D1EA037BC00D8F856 /* Release */ = {
			isa = XCBuildConfiguration;
			buildSettings = {
				ASSETCATALOG_COMPILER_APPICON_NAME = AppIcon;
				DEVELOPMENT_TEAM = W2J2UJ2R9S;
				INFOPLIST_FILE = "Pokemon Go Clone/Info.plist";
				LD_RUNPATH_SEARCH_PATHS = "$(inherited) @executable_path/Frameworks";
				PRODUCT_BUNDLE_IDENTIFIER = "com.johncrisostomo.Pokemon-Go-Clone";
				PRODUCT_NAME = "$(TARGET_NAME)";
				SWIFT_VERSION = 3.0;
			};
			name = Release;
		};
/* End XCBuildConfiguration section */

/* Begin XCConfigurationList section */
		193024211EA037BC00D8F856 /* Build configuration list for PBXProject "Pokemon Go Clone" */ = {
			isa = XCConfigurationList;
			buildConfigurations = (
				193024391EA037BC00D8F856 /* Debug */,
				1930243A1EA037BC00D8F856 /* Release */,
			);
			defaultConfigurationIsVisible = 0;
			defaultConfigurationName = Release;
		};
		1930243B1EA037BC00D8F856 /* Build configuration list for PBXNativeTarget "Pokemon Go Clone" */ = {
			isa = XCConfigurationList;
			buildConfigurations = (
				1930243C1EA037BC00D8F856 /* Debug */,
				1930243D1EA037BC00D8F856 /* Release */,
			);
			defaultConfigurationIsVisible = 0;
			defaultConfigurationName = Release;
		};
/* End XCConfigurationList section */

/* Begin XCVersionGroup section */
		193024301EA037BC00D8F856 /* Pokemon_Go_Clone.xcdatamodeld */ = {
			isa = XCVersionGroup;
			children = (
				193024311EA037BC00D8F856 /* Pokemon_Go_Clone.xcdatamodel */,
			);
			currentVersion = 193024311EA037BC00D8F856 /* Pokemon_Go_Clone.xcdatamodel */;
			path = Pokemon_Go_Clone.xcdatamodeld;
			sourceTree = "<group>";
			versionGroupType = wrapper.xcdatamodel;
		};
/* End XCVersionGroup section */
	};
	rootObject = 1930241E1EA037BC00D8F856 /* Project object */;
}
